{
  "name": "rhd",
  "version": "1.0.0",
  "lockfileVersion": 1,
  "requires": true,
  "dependencies": {
    "@fortawesome/fontawesome-common-types": {
      "version": "0.2.10",
      "resolved": "https://npm.fontawesome.com/@fortawesome/fontawesome-common-types/-/fontawesome-common-types-0.2.10.tgz",
      "integrity": "sha512-FbrzSgFDzoC6Dm8w7gCWxgdffFbYV7O/4THOtYDQEplZVOpYIA3vjgnxCXApY49YaIQ91mxIGROS3d7wS+fO3A=="
    },
    "@fortawesome/fontawesome-svg-core": {
      "version": "1.2.10",
      "resolved": "https://npm.fontawesome.com/@fortawesome/fontawesome-svg-core/-/fontawesome-svg-core-1.2.10.tgz",
      "integrity": "sha512-x9rYQ4jPVWnXgsle/MzaV2qDwNfc1Gm5DB0T76WOp4RDZ/esjEE0OvKtMa2qFvG1NqYbelgN4gChA+ttAqPtaw==",
      "requires": {
        "@fortawesome/fontawesome-common-types": "^0.2.10"
      }
    },
    "@fortawesome/pro-light-svg-icons": {
      "version": "5.6.1",
      "resolved": "https://npm.fontawesome.com/@fortawesome/pro-light-svg-icons/-/pro-light-svg-icons-5.6.1.tgz",
      "integrity": "sha512-eYaazW5s75jkcsTqck+mQs+zNj8HIcRSMrBXFsGbvG7LGaRBw1fHkiIBqFlxC5S9E0nt0nibGT4MusBu2QUOHg==",
      "requires": {
        "@fortawesome/fontawesome-common-types": "^0.2.10"
      }
    },
    "@fortawesome/pro-regular-svg-icons": {
      "version": "5.6.1",
      "resolved": "https://npm.fontawesome.com/@fortawesome/pro-regular-svg-icons/-/pro-regular-svg-icons-5.6.1.tgz",
      "integrity": "sha512-3FOy4EZNuAPuJnq4alAEcWO9h95GRhmLjdZKcTTjC1nMMTXu+yX12rMOAtSMmgGt8sOMT2agF67nCjgKDoekNA==",
      "requires": {
        "@fortawesome/fontawesome-common-types": "^0.2.10"
      }
    },
    "@fortawesome/pro-solid-svg-icons": {
      "version": "5.6.1",
      "resolved": "https://npm.fontawesome.com/@fortawesome/pro-solid-svg-icons/-/pro-solid-svg-icons-5.6.1.tgz",
      "integrity": "sha512-4nPqU4q1KgIgDO7QJN6uuVqagH+X77DmoQawTwrPs2CPkbtfJTNUn8N5ctXQWpJa/cYs1nxCNS5tkInYUMMq5Q==",
      "requires": {
        "@fortawesome/fontawesome-common-types": "^0.2.10"
      }
    },
    "@rhelements/rh-datetime": {
      "version": "1.0.0-prerelease.7",
      "resolved": "https://registry.npmjs.org/@rhelements/rh-datetime/-/rh-datetime-1.0.0-prerelease.7.tgz",
      "integrity": "sha512-4pc8p1dBW4QxtCrIqsfifYvAKW66U9bXZaO7yhvynFpl1KbAMjs6sfEpHj3pRKgWQy5yi97R6WQE36zKlcg/0A==",
      "requires": {
        "@rhelements/rhelement": "^1.0.0-prerelease.7"
      }
    },
    "@rhelements/rhelement": {
      "version": "1.0.0-prerelease.7",
      "resolved": "https://registry.npmjs.org/@rhelements/rhelement/-/rhelement-1.0.0-prerelease.7.tgz",
      "integrity": "sha512-qfoxh0hAKvNlX3et6yPubie19ytAGkp/IxVd77Pyd2YuPDOChLDdXqgmgfvg1NwqANBbwZRFPtRJojCJ4GkYaA=="
    },
    "rhd-frontend": {
      "version": "2.0.0",
      "resolved": "https://registry.npmjs.org/rhd-frontend/-/rhd-frontend-2.0.0.tgz",
      "integrity": "sha512-HutXseWFH+y3wh3IH5lU4uwaXCWcxyH+PxdrFKWLv3nRcSCizzmjfr83VNJPe/rqYIOhpXjSIVAjba+oe+fI6A==",
      "requires": {
        "@fortawesome/fontawesome-svg-core": "^1.2.9",
        "@fortawesome/pro-light-svg-icons": "^5.6.0",
        "@fortawesome/pro-regular-svg-icons": "^5.6.0",
        "@fortawesome/pro-solid-svg-icons": "^5.6.0",
        "@rhelements/rh-datetime": "^1.0.0-prerelease.7",
        "@rhelements/rhelement": "^1.0.0-prerelease.7"
      }
    }
  }
}
